// !$*UTF8*$!
{
	archiveVersion = 1;
	classes = {
	};
	objectVersion = 55;
	objects = {

/* Begin PBXBuildFile section */
		8A90753128C9ECBD00E152BF /* AppDelegate.swift in Sources */ = {isa = PBXBuildFile; fileRef = 8A90753028C9ECBD00E152BF /* AppDelegate.swift */; };
		8A90753328C9ECBD00E152BF /* SceneDelegate.swift in Sources */ = {isa = PBXBuildFile; fileRef = 8A90753228C9ECBD00E152BF /* SceneDelegate.swift */; };
		8A90753528C9ECBD00E152BF /* ViewController.swift in Sources */ = {isa = PBXBuildFile; fileRef = 8A90753428C9ECBD00E152BF /* ViewController.swift */; };
		8A90753828C9ECBD00E152BF /* Main.storyboard in Resources */ = {isa = PBXBuildFile; fileRef = 8A90753628C9ECBD00E152BF /* Main.storyboard */; };
		8A90753A28C9ECDC00E152BF /* Assets.xcassets in Resources */ = {isa = PBXBuildFile; fileRef = 8A90753928C9ECDC00E152BF /* Assets.xcassets */; };
		8A90753D28C9ECDC00E152BF /* LaunchScreen.storyboard in Resources */ = {isa = PBXBuildFile; fileRef = 8A90753B28C9ECDC00E152BF /* LaunchScreen.storyboard */; };
		8A90754828C9ECDC00E152BF /* GitTestTests.swift in Sources */ = {isa = PBXBuildFile; fileRef = 8A90754728C9ECDC00E152BF /* GitTestTests.swift */; };
		8A90755228C9ECDD00E152BF /* GitTestUITests.swift in Sources */ = {isa = PBXBuildFile; fileRef = 8A90755128C9ECDD00E152BF /* GitTestUITests.swift */; };
		8A90755428C9ECDD00E152BF /* GitTestUITestsLaunchTests.swift in Sources */ = {isa = PBXBuildFile; fileRef = 8A90755328C9ECDD00E152BF /* GitTestUITestsLaunchTests.swift */; };
		8A90756128C9EE5900E152BF /* Profile.storyboard in Resources */ = {isa = PBXBuildFile; fileRef = 8A90756028C9EE5900E152BF /* Profile.storyboard */; };
/* End PBXBuildFile section */

/* Begin PBXContainerItemProxy section */
		8A90754428C9ECDC00E152BF /* PBXContainerItemProxy */ = {
			isa = PBXContainerItemProxy;
			containerPortal = 8A90752528C9ECBD00E152BF /* Project object */;
			proxyType = 1;
			remoteGlobalIDString = 8A90752C28C9ECBD00E152BF;
			remoteInfo = GitTest;
		};
		8A90754E28C9ECDD00E152BF /* PBXContainerItemProxy */ = {
			isa = PBXContainerItemProxy;
			containerPortal = 8A90752528C9ECBD00E152BF /* Project object */;
			proxyType = 1;
			remoteGlobalIDString = 8A90752C28C9ECBD00E152BF;
			remoteInfo = GitTest;
		};
/* End PBXContainerItemProxy section */

/* Begin PBXFileReference section */
		8A90752D28C9ECBD00E152BF /* GitTest.app */ = {isa = PBXFileReference; explicitFileType = wrapper.application; includeInIndex = 0; path = GitTest.app; sourceTree = BUILT_PRODUCTS_DIR; };
		8A90753028C9ECBD00E152BF /* AppDelegate.swift */ = {isa = PBXFileReference; lastKnownFileType = sourcecode.swift; path = AppDelegate.swift; sourceTree = "<group>"; };
		8A90753228C9ECBD00E152BF /* SceneDelegate.swift */ = {isa = PBXFileReference; lastKnownFileType = sourcecode.swift; path = SceneDelegate.swift; sourceTree = "<group>"; };
		8A90753428C9ECBD00E152BF /* ViewController.swift */ = {isa = PBXFileReference; lastKnownFileType = sourcecode.swift; path = ViewController.swift; sourceTree = "<group>"; };
		8A90753728C9ECBD00E152BF /* Base */ = {isa = PBXFileReference; lastKnownFileType = file.storyboard; name = Base; path = Base.lproj/Main.storyboard; sourceTree = "<group>"; };
		8A90753928C9ECDC00E152BF /* Assets.xcassets */ = {isa = PBXFileReference; lastKnownFileType = folder.assetcatalog; path = Assets.xcassets; sourceTree = "<group>"; };
		8A90753C28C9ECDC00E152BF /* Base */ = {isa = PBXFileReference; lastKnownFileType = file.storyboard; name = Base; path = Base.lproj/LaunchScreen.storyboard; sourceTree = "<group>"; };
		8A90753E28C9ECDC00E152BF /* Info.plist */ = {isa = PBXFileReference; lastKnownFileType = text.plist.xml; path = Info.plist; sourceTree = "<group>"; };
		8A90754328C9ECDC00E152BF /* GitTestTests.xctest */ = {isa = PBXFileReference; explicitFileType = wrapper.cfbundle; includeInIndex = 0; path = GitTestTests.xctest; sourceTree = BUILT_PRODUCTS_DIR; };
		8A90754728C9ECDC00E152BF /* GitTestTests.swift */ = {isa = PBXFileReference; lastKnownFileType = sourcecode.swift; path = GitTestTests.swift; sourceTree = "<group>"; };
		8A90754D28C9ECDD00E152BF /* GitTestUITests.xctest */ = {isa = PBXFileReference; explicitFileType = wrapper.cfbundle; includeInIndex = 0; path = GitTestUITests.xctest; sourceTree = BUILT_PRODUCTS_DIR; };
		8A90755128C9ECDD00E152BF /* GitTestUITests.swift */ = {isa = PBXFileReference; lastKnownFileType = sourcecode.swift; path = GitTestUITests.swift; sourceTree = "<group>"; };
		8A90755328C9ECDD00E152BF /* GitTestUITestsLaunchTests.swift */ = {isa = PBXFileReference; lastKnownFileType = sourcecode.swift; path = GitTestUITestsLaunchTests.swift; sourceTree = "<group>"; };
		8A90756028C9EE5900E152BF /* Profile.storyboard */ = {isa = PBXFileReference; lastKnownFileType = file.storyboard; path = Profile.storyboard; sourceTree = "<group>"; };
/* End PBXFileReference section */

/* Begin PBXFrameworksBuildPhase section */
		8A90752A28C9ECBD00E152BF /* Frameworks */ = {
			isa = PBXFrameworksBuildPhase;
			buildActionMask = 2147483647;
			files = (
			);
			runOnlyForDeploymentPostprocessing = 0;
		};
		8A90754028C9ECDC00E152BF /* Frameworks */ = {
			isa = PBXFrameworksBuildPhase;
			buildActionMask = 2147483647;
			files = (
			);
			runOnlyForDeploymentPostprocessing = 0;
		};
		8A90754A28C9ECDD00E152BF /* Frameworks */ = {
			isa = PBXFrameworksBuildPhase;
			buildActionMask = 2147483647;
			files = (
			);
			runOnlyForDeploymentPostprocessing = 0;
		};
/* End PBXFrameworksBuildPhase section */

/* Begin PBXGroup section */
		8A90752428C9ECBD00E152BF = {
			isa = PBXGroup;
			children = (
				8A90752F28C9ECBD00E152BF /* GitTest */,
				8A90754628C9ECDC00E152BF /* GitTestTests */,
				8A90755028C9ECDD00E152BF /* GitTestUITests */,
				8A90752E28C9ECBD00E152BF /* Products */,
			);
			sourceTree = "<group>";
		};
		8A90752E28C9ECBD00E152BF /* Products */ = {
			isa = PBXGroup;
			children = (
				8A90752D28C9ECBD00E152BF /* GitTest.app */,
				8A90754328C9ECDC00E152BF /* GitTestTests.xctest */,
				8A90754D28C9ECDD00E152BF /* GitTestUITests.xctest */,
			);
			name = Products;
			sourceTree = "<group>";
		};
		8A90752F28C9ECBD00E152BF /* GitTest */ = {
			isa = PBXGroup;
			children = (
				8A90753028C9ECBD00E152BF /* AppDelegate.swift */,
				8A90753228C9ECBD00E152BF /* SceneDelegate.swift */,
				8A90753428C9ECBD00E152BF /* ViewController.swift */,
				8A90753628C9ECBD00E152BF /* Main.storyboard */,
				8A90753928C9ECDC00E152BF /* Assets.xcassets */,
				8A90753B28C9ECDC00E152BF /* LaunchScreen.storyboard */,
				8A90753E28C9ECDC00E152BF /* Info.plist */,
				8A90756028C9EE5900E152BF /* Profile.storyboard */,
			);
			path = GitTest;
			sourceTree = "<group>";
		};
		8A90754628C9ECDC00E152BF /* GitTestTests */ = {
			isa = PBXGroup;
			children = (
				8A90754728C9ECDC00E152BF /* GitTestTests.swift */,
			);
			path = GitTestTests;
			sourceTree = "<group>";
		};
		8A90755028C9ECDD00E152BF /* GitTestUITests */ = {
			isa = PBXGroup;
			children = (
				8A90755128C9ECDD00E152BF /* GitTestUITests.swift */,
				8A90755328C9ECDD00E152BF /* GitTestUITestsLaunchTests.swift */,
			);
			path = GitTestUITests;
			sourceTree = "<group>";
		};
/* End PBXGroup section */

/* Begin PBXNativeTarget section */
		8A90752C28C9ECBD00E152BF /* GitTest */ = {
			isa = PBXNativeTarget;
			buildConfigurationList = 8A90755728C9ECDD00E152BF /* Build configuration list for PBXNativeTarget "GitTest" */;
			buildPhases = (
				8A90752928C9ECBD00E152BF /* Sources */,
				8A90752A28C9ECBD00E152BF /* Frameworks */,
				8A90752B28C9ECBD00E152BF /* Resources */,
			);
			buildRules = (
			);
			dependencies = (
			);
			name = GitTest;
			productName = GitTest;
			productReference = 8A90752D28C9ECBD00E152BF /* GitTest.app */;
			productType = "com.apple.product-type.application";
		};
		8A90754228C9ECDC00E152BF /* GitTestTests */ = {
			isa = PBXNativeTarget;
			buildConfigurationList = 8A90755A28C9ECDD00E152BF /* Build configuration list for PBXNativeTarget "GitTestTests" */;
			buildPhases = (
				8A90753F28C9ECDC00E152BF /* Sources */,
				8A90754028C9ECDC00E152BF /* Frameworks */,
				8A90754128C9ECDC00E152BF /* Resources */,
			);
			buildRules = (
			);
			dependencies = (
				8A90754528C9ECDC00E152BF /* PBXTargetDependency */,
			);
			name = GitTestTests;
			productName = GitTestTests;
			productReference = 8A90754328C9ECDC00E152BF /* GitTestTests.xctest */;
			productType = "com.apple.product-type.bundle.unit-test";
		};
		8A90754C28C9ECDD00E152BF /* GitTestUITests */ = {
			isa = PBXNativeTarget;
			buildConfigurationList = 8A90755D28C9ECDD00E152BF /* Build configuration list for PBXNativeTarget "GitTestUITests" */;
			buildPhases = (
				8A90754928C9ECDD00E152BF /* Sources */,
				8A90754A28C9ECDD00E152BF /* Frameworks */,
				8A90754B28C9ECDD00E152BF /* Resources */,
			);
			buildRules = (
			);
			dependencies = (
				8A90754F28C9ECDD00E152BF /* PBXTargetDependency */,
			);
			name = GitTestUITests;
			productName = GitTestUITests;
			productReference = 8A90754D28C9ECDD00E152BF /* GitTestUITests.xctest */;
			productType = "com.apple.product-type.bundle.ui-testing";
		};
/* End PBXNativeTarget section */

/* Begin PBXProject section */
		8A90752528C9ECBD00E152BF /* Project object */ = {
			isa = PBXProject;
			attributes = {
				BuildIndependentTargetsInParallel = 1;
				LastSwiftUpdateCheck = 1310;
				LastUpgradeCheck = 1310;
				TargetAttributes = {
					8A90752C28C9ECBD00E152BF = {
						CreatedOnToolsVersion = 13.1;
					};
					8A90754228C9ECDC00E152BF = {
						CreatedOnToolsVersion = 13.1;
						TestTargetID = 8A90752C28C9ECBD00E152BF;
					};
					8A90754C28C9ECDD00E152BF = {
						CreatedOnToolsVersion = 13.1;
						TestTargetID = 8A90752C28C9ECBD00E152BF;
					};
				};
			};
			buildConfigurationList = 8A90752828C9ECBD00E152BF /* Build configuration list for PBXProject "GitTest" */;
			compatibilityVersion = "Xcode 13.0";
			developmentRegion = en;
			hasScannedForEncodings = 0;
			knownRegions = (
				en,
				Base,
			);
			mainGroup = 8A90752428C9ECBD00E152BF;
			productRefGroup = 8A90752E28C9ECBD00E152BF /* Products */;
			projectDirPath = "";
			projectRoot = "";
			targets = (
				8A90752C28C9ECBD00E152BF /* GitTest */,
				8A90754228C9ECDC00E152BF /* GitTestTests */,
				8A90754C28C9ECDD00E152BF /* GitTestUITests */,
			);
		};
/* End PBXProject section */

/* Begin PBXResourcesBuildPhase section */
		8A90752B28C9ECBD00E152BF /* Resources */ = {
			isa = PBXResourcesBuildPhase;
			buildActionMask = 2147483647;
			files = (
				8A90753D28C9ECDC00E152BF /* LaunchScreen.storyboard in Resources */,
				8A90753A28C9ECDC00E152BF /* Assets.xcassets in Resources */,
				8A90756128C9EE5900E152BF /* Profile.storyboard in Resources */,
				8A90753828C9ECBD00E152BF /* Main.storyboard in Resources */,
			);
			runOnlyForDeploymentPostprocessing = 0;
		};
		8A90754128C9ECDC00E152BF /* Resources */ = {
			isa = PBXResourcesBuildPhase;
			buildActionMask = 2147483647;
			files = (
			);
			runOnlyForDeploymentPostprocessing = 0;
		};
		8A90754B28C9ECDD00E152BF /* Resources */ = {
			isa = PBXResourcesBuildPhase;
			buildActionMask = 2147483647;
			files = (
			);
			runOnlyForDeploymentPostprocessing = 0;
		};
/* End PBXResourcesBuildPhase section */

/* Begin PBXSourcesBuildPhase section */
		8A90752928C9ECBD00E152BF /* Sources */ = {
			isa = PBXSourcesBuildPhase;
			buildActionMask = 2147483647;
			files = (
				8A90753528C9ECBD00E152BF /* ViewController.swift in Sources */,
				8A90753128C9ECBD00E152BF /* AppDelegate.swift in Sources */,
				8A90753328C9ECBD00E152BF /* SceneDelegate.swift in Sources */,
			);
			runOnlyForDeploymentPostprocessing = 0;
		};
		8A90753F28C9ECDC00E152BF /* Sources */ = {
			isa = PBXSourcesBuildPhase;
			buildActionMask = 2147483647;
			files = (
				8A90754828C9ECDC00E152BF /* GitTestTests.swift in Sources */,
			);
			runOnlyForDeploymentPostprocessing = 0;
		};
		8A90754928C9ECDD00E152BF /* Sources */ = {
			isa = PBXSourcesBuildPhase;
			buildActionMask = 2147483647;
			files = (
				8A90755228C9ECDD00E152BF /* GitTestUITests.swift in Sources */,
				8A90755428C9ECDD00E152BF /* GitTestUITestsLaunchTests.swift in Sources */,
			);
			runOnlyForDeploymentPostprocessing = 0;
		};
/* End PBXSourcesBuildPhase section */

/* Begin PBXTargetDependency section */
		8A90754528C9ECDC00E152BF /* PBXTargetDependency */ = {
			isa = PBXTargetDependency;
			target = 8A90752C28C9ECBD00E152BF /* GitTest */;
			targetProxy = 8A90754428C9ECDC00E152BF /* PBXContainerItemProxy */;
		};
		8A90754F28C9ECDD00E152BF /* PBXTargetDependency */ = {
			isa = PBXTargetDependency;
			target = 8A90752C28C9ECBD00E152BF /* GitTest */;
			targetProxy = 8A90754E28C9ECDD00E152BF /* PBXContainerItemProxy */;
		};
/* End PBXTargetDependency section */

/* Begin PBXVariantGroup section */
		8A90753628C9ECBD00E152BF /* Main.storyboard */ = {
			isa = PBXVariantGroup;
			children = (
				8A90753728C9ECBD00E152BF /* Base */,
			);
			name = Main.storyboard;
			sourceTree = "<group>";
		};
		8A90753B28C9ECDC00E152BF /* LaunchScreen.storyboard */ = {
			isa = PBXVariantGroup;
			children = (
				8A90753C28C9ECDC00E152BF /* Base */,
			);
			name = LaunchScreen.storyboard;
			sourceTree = "<group>";
		};
/* End PBXVariantGroup section */

/* Begin XCBuildConfiguration section */
		8A90755528C9ECDD00E152BF /* Debug */ = {
			isa = XCBuildConfiguration;
			buildSettings = {
				ALWAYS_SEARCH_USER_PATHS = NO;
				CLANG_ANALYZER_NONNULL = YES;
				CLANG_ANALYZER_NUMBER_OBJECT_CONVERSION = YES_AGGRESSIVE;
				CLANG_CXX_LANGUAGE_STANDARD = "gnu++17";
				CLANG_CXX_LIBRARY = "libc++";
				CLANG_ENABLE_MODULES = YES;
				CLANG_ENABLE_OBJC_ARC = YES;
				CLANG_ENABLE_OBJC_WEAK = YES;
				CLANG_WARN_BLOCK_CAPTURE_AUTORELEASING = YES;
				CLANG_WARN_BOOL_CONVERSION = YES;
				CLANG_WARN_COMMA = YES;
				CLANG_WARN_CONSTANT_CONVERSION = YES;
				CLANG_WARN_DEPRECATED_OBJC_IMPLEMENTATIONS = YES;
				CLANG_WARN_DIRECT_OBJC_ISA_USAGE = YES_ERROR;
				CLANG_WARN_DOCUMENTATION_COMMENTS = YES;
				CLANG_WARN_EMPTY_BODY = YES;
				CLANG_WARN_ENUM_CONVERSION = YES;
				CLANG_WARN_INFINITE_RECURSION = YES;
				CLANG_WARN_INT_CONVERSION = YES;
				CLANG_WARN_NON_LITERAL_NULL_CONVERSION = YES;
				CLANG_WARN_OBJC_IMPLICIT_RETAIN_SELF = YES;
				CLANG_WARN_OBJC_LITERAL_CONVERSION = YES;
				CLANG_WARN_OBJC_ROOT_CLASS = YES_ERROR;
				CLANG_WARN_QUOTED_INCLUDE_IN_FRAMEWORK_HEADER = YES;
				CLANG_WARN_RANGE_LOOP_ANALYSIS = YES;
				CLANG_WARN_STRICT_PROTOTYPES = YES;
				CLANG_WARN_SUSPICIOUS_MOVE = YES;
				CLANG_WARN_UNGUARDED_AVAILABILITY = YES_AGGRESSIVE;
				CLANG_WARN_UNREACHABLE_CODE = YES;
				CLANG_WARN__DUPLICATE_METHOD_MATCH = YES;
				COPY_PHASE_STRIP = NO;
				DEBUG_INFORMATION_FORMAT = dwarf;
				ENABLE_STRICT_OBJC_MSGSEND = YES;
				ENABLE_TESTABILITY = YES;
				GCC_C_LANGUAGE_STANDARD = gnu11;
				GCC_DYNAMIC_NO_PIC = NO;
				GCC_NO_COMMON_BLOCKS = YES;
				GCC_OPTIMIZATION_LEVEL = 0;
				GCC_PREPROCESSOR_DEFINITIONS = (
					"DEBUG=1",
					"$(inherited)",
				);
				GCC_WARN_64_TO_32_BIT_CONVERSION = YES;
				GCC_WARN_ABOUT_RETURN_TYPE = YES_ERROR;
				GCC_WARN_UNDECLARED_SELECTOR = YES;
				GCC_WARN_UNINITIALIZED_AUTOS = YES_AGGRESSIVE;
				GCC_WARN_UNUSED_FUNCTION = YES;
				GCC_WARN_UNUSED_VARIABLE = YES;
				IPHONEOS_DEPLOYMENT_TARGET = 15.0;
				MTL_ENABLE_DEBUG_INFO = INCLUDE_SOURCE;
				MTL_FAST_MATH = YES;
				ONLY_ACTIVE_ARCH = YES;
				SDKROOT = iphoneos;
				SWIFT_ACTIVE_COMPILATION_CONDITIONS = DEBUG;
				SWIFT_OPTIMIZATION_LEVEL = "-Onone";
			};
			name = Debug;
		};
		8A90755628C9ECDD00E152BF /* Release */ = {
			isa = XCBuildConfiguration;
			buildSettings = {
				ALWAYS_SEARCH_USER_PATHS = NO;
				CLANG_ANALYZER_NONNULL = YES;
				CLANG_ANALYZER_NUMBER_OBJECT_CONVERSION = YES_AGGRESSIVE;
				CLANG_CXX_LANGUAGE_STANDARD = "gnu++17";
				CLANG_CXX_LIBRARY = "libc++";
				CLANG_ENABLE_MODULES = YES;
				CLANG_ENABLE_OBJC_ARC = YES;
				CLANG_ENABLE_OBJC_WEAK = YES;
				CLANG_WARN_BLOCK_CAPTURE_AUTORELEASING = YES;
				CLANG_WARN_BOOL_CONVERSION = YES;
				CLANG_WARN_COMMA = YES;
				CLANG_WARN_CONSTANT_CONVERSION = YES;
				CLANG_WARN_DEPRECATED_OBJC_IMPLEMENTATIONS = YES;
				CLANG_WARN_DIRECT_OBJC_ISA_USAGE = YES_ERROR;
				CLANG_WARN_DOCUMENTATION_COMMENTS = YES;
				CLANG_WARN_EMPTY_BODY = YES;
				CLANG_WARN_ENUM_CONVERSION = YES;
				CLANG_WARN_INFINITE_RECURSION = YES;
				CLANG_WARN_INT_CONVERSION = YES;
				CLANG_WARN_NON_LITERAL_NULL_CONVERSION = YES;
				CLANG_WARN_OBJC_IMPLICIT_RETAIN_SELF = YES;
				CLANG_WARN_OBJC_LITERAL_CONVERSION = YES;
				CLANG_WARN_OBJC_ROOT_CLASS = YES_ERROR;
				CLANG_WARN_QUOTED_INCLUDE_IN_FRAMEWORK_HEADER = YES;
				CLANG_WARN_RANGE_LOOP_ANALYSIS = YES;
				CLANG_WARN_STRICT_PROTOTYPES = YES;
				CLANG_WARN_SUSPICIOUS_MOVE = YES;
				CLANG_WARN_UNGUARDED_AVAILABILITY = YES_AGGRESSIVE;
				CLANG_WARN_UNREACHABLE_CODE = YES;
				CLANG_WARN__DUPLICATE_METHOD_MATCH = YES;
				COPY_PHASE_STRIP = NO;
				DEBUG_INFORMATION_FORMAT = "dwarf-with-dsym";
				ENABLE_NS_ASSERTIONS = NO;
				ENABLE_STRICT_OBJC_MSGSEND = YES;
				GCC_C_LANGUAGE_STANDARD = gnu11;
				GCC_NO_COMMON_BLOCKS = YES;
				GCC_WARN_64_TO_32_BIT_CONVERSION = YES;
				GCC_WARN_ABOUT_RETURN_TYPE = YES_ERROR;
				GCC_WARN_UNDECLARED_SELECTOR = YES;
				GCC_WARN_UNINITIALIZED_AUTOS = YES_AGGRESSIVE;
				GCC_WARN_UNUSED_FUNCTION = YES;
				GCC_WARN_UNUSED_VARIABLE = YES;
				IPHONEOS_DEPLOYMENT_TARGET = 15.0;
				MTL_ENABLE_DEBUG_INFO = NO;
				MTL_FAST_MATH = YES;
				SDKROOT = iphoneos;
				SWIFT_COMPILATION_MODE = wholemodule;
				SWIFT_OPTIMIZATION_LEVEL = "-O";
				VALIDATE_PRODUCT = YES;
			};
			name = Release;
		};
		8A90755828C9ECDD00E152BF /* Debug */ = {
			isa = XCBuildConfiguration;
			buildSettings = {
				ASSETCATALOG_COMPILER_APPICON_NAME = AppIcon;
				ASSETCATALOG_COMPILER_GLOBAL_ACCENT_COLOR_NAME = AccentColor;
				CODE_SIGN_STYLE = Automatic;
				CURRENT_PROJECT_VERSION = 1;
				DEVELOPMENT_TEAM = 375VNPB7A4;
				GENERATE_INFOPLIST_FILE = YES;
				INFOPLIST_FILE = GitTest/Info.plist;
				INFOPLIST_KEY_UIApplicationSupportsIndirectInputEvents = YES;
				INFOPLIST_KEY_UILaunchStoryboardName = LaunchScreen;
				INFOPLIST_KEY_UIMainStoryboardFile = Main;
				INFOPLIST_KEY_UISupportedInterfaceOrientations_iPad = "UIInterfaceOrientationPortrait UIInterfaceOrientationPortraitUpsideDown UIInterfaceOrientationLandscapeLeft UIInterfaceOrientationLandscapeRight";
				INFOPLIST_KEY_UISupportedInterfaceOrientations_iPhone = "UIInterfaceOrientationPortrait UIInterfaceOrientationLandscapeLeft UIInterfaceOrientationLandscapeRight";
				LD_RUNPATH_SEARCH_PATHS = (
					"$(inherited)",
					"@executable_path/Frameworks",
				);
				MARKETING_VERSION = 1.0;
				PRODUCT_BUNDLE_IDENTIFIER = com.BankMisr.GitTest.GitTest;
				PRODUCT_NAME = "$(TARGET_NAME)";
				SWIFT_EMIT_LOC_STRINGS = YES;
				SWIFT_VERSION = 5.0;
				TARGETED_DEVICE_FAMILY = "1,2";
			};
			name = Debug;
		};
		8A90755928C9ECDD00E152BF /* Release */ = {
			isa = XCBuildConfiguration;
			buildSettings = {
				ASSETCATALOG_COMPILER_APPICON_NAME = AppIcon;
				ASSETCATALOG_COMPILER_GLOBAL_ACCENT_COLOR_NAME = AccentColor;
				CODE_SIGN_STYLE = Automatic;
				CURRENT_PROJECT_VERSION = 1;
				DEVELOPMENT_TEAM = 375VNPB7A4;
				GENERATE_INFOPLIST_FILE = YES;
				INFOPLIST_FILE = GitTest/Info.plist;
				INFOPLIST_KEY_UIApplicationSupportsIndirectInputEvents = YES;
				INFOPLIST_KEY_UILaunchStoryboardName = LaunchScreen;
				INFOPLIST_KEY_UIMainStoryboardFile = Main;
				INFOPLIST_KEY_UISupportedInterfaceOrientations_iPad = "UIInterfaceOrientationPortrait UIInterfaceOrientationPortraitUpsideDown UIInterfaceOrientationLandscapeLeft UIInterfaceOrientationLandscapeRight";
				INFOPLIST_KEY_UISupportedInterfaceOrientations_iPhone = "UIInterfaceOrientationPortrait UIInterfaceOrientationLandscapeLeft UIInterfaceOrientationLandscapeRight";
				LD_RUNPATH_SEARCH_PATHS = (
					"$(inherited)",
					"@executable_path/Frameworks",
				);
				MARKETING_VERSION = 1.0;
				PRODUCT_BUNDLE_IDENTIFIER = com.BankMisr.GitTest.GitTest;
				PRODUCT_NAME = "$(TARGET_NAME)";
				SWIFT_EMIT_LOC_STRINGS = YES;
				SWIFT_VERSION = 5.0;
				TARGETED_DEVICE_FAMILY = "1,2";
			};
			name = Release;
		};
		8A90755B28C9ECDD00E152BF /* Debug */ = {
			isa = XCBuildConfiguration;
			buildSettings = {
				ALWAYS_EMBED_SWIFT_STANDARD_LIBRARIES = YES;
				BUNDLE_LOADER = "$(TEST_HOST)";
				CODE_SIGN_STYLE = Automatic;
				CURRENT_PROJECT_VERSION = 1;
				DEVELOPMENT_TEAM = 375VNPB7A4;
				GENERATE_INFOPLIST_FILE = YES;
				IPHONEOS_DEPLOYMENT_TARGET = 15.0;
				LD_RUNPATH_SEARCH_PATHS = (
					"$(inherited)",
					"@executable_path/Frameworks",
					"@loader_path/Frameworks",
				);
				MARKETING_VERSION = 1.0;
				PRODUCT_BUNDLE_IDENTIFIER = com.BankMisr.GitTest.GitTestTests;
				PRODUCT_NAME = "$(TARGET_NAME)";
				SWIFT_EMIT_LOC_STRINGS = NO;
				SWIFT_VERSION = 5.0;
				TARGETED_DEVICE_FAMILY = "1,2";
				TEST_HOST = "$(BUILT_PRODUCTS_DIR)/GitTest.app/GitTest";
			};
			name = Debug;
		};
		8A90755C28C9ECDD00E152BF /* Release */ = {
			isa = XCBuildConfiguration;
			buildSettings = {
				ALWAYS_EMBED_SWIFT_STANDARD_LIBRARIES = YES;
				BUNDLE_LOADER = "$(TEST_HOST)";
				CODE_SIGN_STYLE = Automatic;
				CURRENT_PROJECT_VERSION = 1;
				DEVELOPMENT_TEAM = 375VNPB7A4;
				GENERATE_INFOPLIST_FILE = YES;
				IPHONEOS_DEPLOYMENT_TARGET = 15.0;
				LD_RUNPATH_SEARCH_PATHS = (
					"$(inherited)",
					"@executable_path/Frameworks",
					"@loader_path/Frameworks",
				);
				MARKETING_VERSION = 1.0;
				PRODUCT_BUNDLE_IDENTIFIER = com.BankMisr.GitTest.GitTestTests;
				PRODUCT_NAME = "$(TARGET_NAME)";
				SWIFT_EMIT_LOC_STRINGS = NO;
				SWIFT_VERSION = 5.0;
				TARGETED_DEVICE_FAMILY = "1,2";
				TEST_HOST = "$(BUILT_PRODUCTS_DIR)/GitTest.app/GitTest";
			};
			name = Release;
		};
		8A90755E28C9ECDD00E152BF /* Debug */ = {
			isa = XCBuildConfiguration;
			buildSettings = {
				ALWAYS_EMBED_SWIFT_STANDARD_LIBRARIES = YES;
				CODE_SIGN_STYLE = Automatic;
				CURRENT_PROJECT_VERSION = 1;
				DEVELOPMENT_TEAM = 375VNPB7A4;
				GENERATE_INFOPLIST_FILE = YES;
				LD_RUNPATH_SEARCH_PATHS = (
					"$(inherited)",
					"@executable_path/Frameworks",
					"@loader_path/Frameworks",
				);
				MARKETING_VERSION = 1.0;
				PRODUCT_BUNDLE_IDENTIFIER = com.BankMisr.GitTest.GitTestUITests;
				PRODUCT_NAME = "$(TARGET_NAME)";
				SWIFT_EMIT_LOC_STRINGS = NO;
				SWIFT_VERSION = 5.0;
				TARGETED_DEVICE_FAMILY = "1,2";
				TEST_TARGET_NAME = GitTest;
			};
			name = Debug;
		};
		8A90755F28C9ECDD00E152BF /* Release */ = {
			isa = XCBuildConfiguration;
			buildSettings = {
				ALWAYS_EMBED_SWIFT_STANDARD_LIBRARIES = YES;
				CODE_SIGN_STYLE = Automatic;
				CURRENT_PROJECT_VERSION = 1;
				DEVELOPMENT_TEAM = 375VNPB7A4;
				GENERATE_INFOPLIST_FILE = YES;
				LD_RUNPATH_SEARCH_PATHS = (
					"$(inherited)",
					"@executable_path/Frameworks",
					"@loader_path/Frameworks",
				);
				MARKETING_VERSION = 1.0;
				PRODUCT_BUNDLE_IDENTIFIER = com.BankMisr.GitTest.GitTestUITests;
				PRODUCT_NAME = "$(TARGET_NAME)";
				SWIFT_EMIT_LOC_STRINGS = NO;
				SWIFT_VERSION = 5.0;
				TARGETED_DEVICE_FAMILY = "1,2";
				TEST_TARGET_NAME = GitTest;
			};
			name = Release;
		};
/* End XCBuildConfiguration section */

/* Begin XCConfigurationList section */
		8A90752828C9ECBD00E152BF /* Build configuration list for PBXProject "GitTest" */ = {
			isa = XCConfigurationList;
			buildConfigurations = (
				8A90755528C9ECDD00E152BF /* Debug */,
				8A90755628C9ECDD00E152BF /* Release */,
			);
			defaultConfigurationIsVisible = 0;
			defaultConfigurationName = Release;
		};
		8A90755728C9ECDD00E152BF /* Build configuration list for PBXNativeTarget "GitTest" */ = {
			isa = XCConfigurationList;
			buildConfigurations = (
				8A90755828C9ECDD00E152BF /* Debug */,
				8A90755928C9ECDD00E152BF /* Release */,
			);
			defaultConfigurationIsVisible = 0;
			defaultConfigurationName = Release;
		};
		8A90755A28C9ECDD00E152BF /* Build configuration list for PBXNativeTarget "GitTestTests" */ = {
			isa = XCConfigurationList;
			buildConfigurations = (
				8A90755B28C9ECDD00E152BF /* Debug */,
				8A90755C28C9ECDD00E152BF /* Release */,
			);
			defaultConfigurationIsVisible = 0;
			defaultConfigurationName = Release;
		};
		8A90755D28C9ECDD00E152BF /* Build configuration list for PBXNativeTarget "GitTestUITests" */ = {
			isa = XCConfigurationList;
			buildConfigurations = (
				8A90755E28C9ECDD00E152BF /* Debug */,
				8A90755F28C9ECDD00E152BF /* Release */,
			);
			defaultConfigurationIsVisible = 0;
			defaultConfigurationName = Release;
		};
/* End XCConfigurationList section */
	};
	rootObject = 8A90752528C9ECBD00E152BF /* Project object */;
}
